
Microsoft Visual Studio Solution File, Format Version 12.00
# Visual Studio Version 17
VisualStudioVersion = 17.0.32014.148
MinimumVisualStudioVersion = 10.0.40219.1
Project("{2150E333-8FDC-42A3-9474-1A3956D46DE8}") = "Core", "Core", "{6E123981-85BF-48DC-A752-4D4FCC3C7F93}"
EndProject
Project("{2150E333-8FDC-42A3-9474-1A3956D46DE8}") = "Infrustructure", "Infrustructure", "{38692EED-F36F-4756-9195-3B9E395D80E6}"
EndProject
Project("{2150E333-8FDC-42A3-9474-1A3956D46DE8}") = "Presebtation", "Presebtation", "{6953B00A-6309-4C69-8633-E60F196E3540}"
EndProject
Project("{2150E333-8FDC-42A3-9474-1A3956D46DE8}") = "Tests", "Tests", "{4A07E563-681C-4B6C-B1E5-E3865208BAE8}"
EndProject
Project("{FAE04EC0-301F-11D3-BF4B-00C04F79EFBC}") = "TaxiEntities", "TaxiEntities\TaxiEntities.csproj", "{8179C749-3783-4E62-8235-D8398B1227ED}"
EndProject
Project("{FAE04EC0-301F-11D3-BF4B-00C04F79EFBC}") = "TaxiAplication", "TaxiAplication\TaxiAplication.csproj", "{C2466B7E-6146-4803-B101-05724394A39B}"
EndProject
Project("{FAE04EC0-301F-11D3-BF4B-00C04F79EFBC}") = "TaxiDb", "TaxiDb\TaxiDb.csproj", "{D1F3F218-2417-4D75-9AB3-C2939E890648}"
EndProject
Project("{FAE04EC0-301F-11D3-BF4B-00C04F79EFBC}") = "TaxiWebApi", "TaxiWebApi\TaxiWebApi.csproj", "{5B1E0BE8-51B7-4447-AEDF-56FE54B76BD0}"
EndProject
Global
	GlobalSection(SolutionConfigurationPlatforms) = preSolution
		Debug|Any CPU = Debug|Any CPU
		Release|Any CPU = Release|Any CPU
	EndGlobalSection
	GlobalSection(ProjectConfigurationPlatforms) = postSolution
		{8179C749-3783-4E62-8235-D8398B1227ED}.Debug|Any CPU.ActiveCfg = Debug|Any CPU
		{8179C749-3783-4E62-8235-D8398B1227ED}.Debug|Any CPU.Build.0 = Debug|Any CPU
		{8179C749-3783-4E62-8235-D8398B1227ED}.Release|Any CPU.ActiveCfg = Release|Any CPU
		{8179C749-3783-4E62-8235-D8398B1227ED}.Release|Any CPU.Build.0 = Release|Any CPU
		{C2466B7E-6146-4803-B101-05724394A39B}.Debug|Any CPU.ActiveCfg = Debug|Any CPU
		{C2466B7E-6146-4803-B101-05724394A39B}.Debug|Any CPU.Build.0 = Debug|Any CPU
		{C2466B7E-6146-4803-B101-05724394A39B}.Release|Any CPU.ActiveCfg = Release|Any CPU
		{C2466B7E-6146-4803-B101-05724394A39B}.Release|Any CPU.Build.0 = Release|Any CPU
		{D1F3F218-2417-4D75-9AB3-C2939E890648}.Debug|Any CPU.ActiveCfg = Debug|Any CPU
		{D1F3F218-2417-4D75-9AB3-C2939E890648}.Debug|Any CPU.Build.0 = Debug|Any CPU
		{D1F3F218-2417-4D75-9AB3-C2939E890648}.Release|Any CPU.ActiveCfg = Release|Any CPU
		{D1F3F218-2417-4D75-9AB3-C2939E890648}.Release|Any CPU.Build.0 = Release|Any CPU
		{5B1E0BE8-51B7-4447-AEDF-56FE54B76BD0}.Debug|Any CPU.ActiveCfg = Debug|Any CPU
		{5B1E0BE8-51B7-4447-AEDF-56FE54B76BD0}.Debug|Any CPU.Build.0 = Debug|Any CPU
		{5B1E0BE8-51B7-4447-AEDF-56FE54B76BD0}.Release|Any CPU.ActiveCfg = Release|Any CPU
		{5B1E0BE8-51B7-4447-AEDF-56FE54B76BD0}.Release|Any CPU.Build.0 = Release|Any CPU
	EndGlobalSection
	GlobalSection(SolutionProperties) = preSolution
		HideSolutionNode = FALSE
	EndGlobalSection
	GlobalSection(NestedProjects) = preSolution
		{8179C749-3783-4E62-8235-D8398B1227ED} = {6E123981-85BF-48DC-A752-4D4FCC3C7F93}
		{C2466B7E-6146-4803-B101-05724394A39B} = {6E123981-85BF-48DC-A752-4D4FCC3C7F93}
		{D1F3F218-2417-4D75-9AB3-C2939E890648} = {38692EED-F36F-4756-9195-3B9E395D80E6}
		{5B1E0BE8-51B7-4447-AEDF-56FE54B76BD0} = {6953B00A-6309-4C69-8633-E60F196E3540}
	EndGlobalSection
	GlobalSection(ExtensibilityGlobals) = postSolution
		SolutionGuid = {64667E7D-8B41-43A0-B4F0-0295C68B3027}
	EndGlobalSection
EndGlobal
