
Microsoft Visual Studio Solution File, Format Version 12.00
# Visual Studio Version 17
VisualStudioVersion = 17.0.32014.148
MinimumVisualStudioVersion = 10.0.40219.1
Project("{2150E333-8FDC-42A3-9474-1A3956D46DE8}") = "Core", "Core", "{3E92B5D5-B769-4DDE-943A-B9833F44589D}"
EndProject
Project("{2150E333-8FDC-42A3-9474-1A3956D46DE8}") = "Infrustucture", "Infrustucture", "{CD48B121-1A1A-4ED4-9EA8-AB2E49522F4F}"
EndProject
Project("{2150E333-8FDC-42A3-9474-1A3956D46DE8}") = "Presentation", "Presentation", "{B32C517F-B358-403B-88C8-57325996AF60}"
EndProject
Project("{2150E333-8FDC-42A3-9474-1A3956D46DE8}") = "Tests", "Tests", "{045FDA40-841F-4733-BE03-499DC49D1EEB}"
EndProject
Project("{9A19103F-16F7-4668-BE54-9A1E7A4F7556}") = "TaxiDomain", "TaxiDomain\TaxiDomain.csproj", "{1721BE7F-0CB1-4D9F-8CC4-2F13316031DE}"
EndProject
Project("{9A19103F-16F7-4668-BE54-9A1E7A4F7556}") = "TaxiAplication", "TaxiAplication\TaxiAplication.csproj", "{ADBB76D9-CD0C-4EB8-A6B4-F71315D54C6D}"
EndProject
Project("{9A19103F-16F7-4668-BE54-9A1E7A4F7556}") = "TaxiPersistance", "TaxiPersistance\TaxiPersistance.csproj", "{4034859F-E7F1-40F6-A4E2-C6E725E61A37}"
EndProject
Project("{9A19103F-16F7-4668-BE54-9A1E7A4F7556}") = "TaxiAPI", "TaxiAPI\TaxiAPI.csproj", "{D042D4C3-3D1A-4A8A-91AB-C2D6843D6DD4}"
EndProject
Global
	GlobalSection(SolutionConfigurationPlatforms) = preSolution
		Debug|Any CPU = Debug|Any CPU
		Release|Any CPU = Release|Any CPU
	EndGlobalSection
	GlobalSection(ProjectConfigurationPlatforms) = postSolution
		{1721BE7F-0CB1-4D9F-8CC4-2F13316031DE}.Debug|Any CPU.ActiveCfg = Debug|Any CPU
		{1721BE7F-0CB1-4D9F-8CC4-2F13316031DE}.Debug|Any CPU.Build.0 = Debug|Any CPU
		{1721BE7F-0CB1-4D9F-8CC4-2F13316031DE}.Release|Any CPU.ActiveCfg = Release|Any CPU
		{1721BE7F-0CB1-4D9F-8CC4-2F13316031DE}.Release|Any CPU.Build.0 = Release|Any CPU
		{ADBB76D9-CD0C-4EB8-A6B4-F71315D54C6D}.Debug|Any CPU.ActiveCfg = Debug|Any CPU
		{ADBB76D9-CD0C-4EB8-A6B4-F71315D54C6D}.Debug|Any CPU.Build.0 = Debug|Any CPU
		{ADBB76D9-CD0C-4EB8-A6B4-F71315D54C6D}.Release|Any CPU.ActiveCfg = Release|Any CPU
		{ADBB76D9-CD0C-4EB8-A6B4-F71315D54C6D}.Release|Any CPU.Build.0 = Release|Any CPU
		{4034859F-E7F1-40F6-A4E2-C6E725E61A37}.Debug|Any CPU.ActiveCfg = Debug|Any CPU
		{4034859F-E7F1-40F6-A4E2-C6E725E61A37}.Debug|Any CPU.Build.0 = Debug|Any CPU
		{4034859F-E7F1-40F6-A4E2-C6E725E61A37}.Release|Any CPU.ActiveCfg = Release|Any CPU
		{4034859F-E7F1-40F6-A4E2-C6E725E61A37}.Release|Any CPU.Build.0 = Release|Any CPU
		{D042D4C3-3D1A-4A8A-91AB-C2D6843D6DD4}.Debug|Any CPU.ActiveCfg = Debug|Any CPU
		{D042D4C3-3D1A-4A8A-91AB-C2D6843D6DD4}.Debug|Any CPU.Build.0 = Debug|Any CPU
		{D042D4C3-3D1A-4A8A-91AB-C2D6843D6DD4}.Release|Any CPU.ActiveCfg = Release|Any CPU
		{D042D4C3-3D1A-4A8A-91AB-C2D6843D6DD4}.Release|Any CPU.Build.0 = Release|Any CPU
	EndGlobalSection
	GlobalSection(SolutionProperties) = preSolution
		HideSolutionNode = FALSE
	EndGlobalSection
	GlobalSection(NestedProjects) = preSolution
		{1721BE7F-0CB1-4D9F-8CC4-2F13316031DE} = {3E92B5D5-B769-4DDE-943A-B9833F44589D}
		{ADBB76D9-CD0C-4EB8-A6B4-F71315D54C6D} = {3E92B5D5-B769-4DDE-943A-B9833F44589D}
		{4034859F-E7F1-40F6-A4E2-C6E725E61A37} = {CD48B121-1A1A-4ED4-9EA8-AB2E49522F4F}
		{D042D4C3-3D1A-4A8A-91AB-C2D6843D6DD4} = {B32C517F-B358-403B-88C8-57325996AF60}
	EndGlobalSection
	GlobalSection(ExtensibilityGlobals) = postSolution
		SolutionGuid = {A1B3DD5D-7208-4DC4-A245-9B2A03656170}
	EndGlobalSection
EndGlobal
